
Microsoft Visual Studio Solution File, Format Version 12.00
# Visual Studio Version 16
VisualStudioVersion = 16.0.30204.135
MinimumVisualStudioVersion = 10.0.40219.1
Project("{FAE04EC0-301F-11D3-BF4B-00C04F79EFBC}") = "EntityFrameworkTesting", "EntityFrameworkTesting\EntityFrameworkTesting.csproj", "{D1123819-4589-419B-A768-83D5ADEC7F69}"
EndProject
Global
	GlobalSection(SolutionConfigurationPlatforms) = preSolution
		Debug|Any CPU = Debug|Any CPU
		Release|Any CPU = Release|Any CPU
	EndGlobalSection
	GlobalSection(ProjectConfigurationPlatforms) = postSolution
		{D1123819-4589-419B-A768-83D5ADEC7F69}.Debug|Any CPU.ActiveCfg = Debug|Any CPU
		{D1123819-4589-419B-A768-83D5ADEC7F69}.Debug|Any CPU.Build.0 = Debug|Any CPU
		{D1123819-4589-419B-A768-83D5ADEC7F69}.Release|Any CPU.ActiveCfg = Release|Any CPU
		{D1123819-4589-419B-A768-83D5ADEC7F69}.Release|Any CPU.Build.0 = Release|Any CPU
	EndGlobalSection
	GlobalSection(SolutionProperties) = preSolution
		HideSolutionNode = FALSE
	EndGlobalSection
	GlobalSection(ExtensibilityGlobals) = postSolution
		SolutionGuid = {00E13196-4D0C-44A3-8758-E9A63E803486}
	EndGlobalSection
EndGlobal
